// !$*UTF8*$!
{
	archiveVersion = 1;
	classes = {
	};
	objectVersion = 46;
	objects = {

/* Begin PBXBuildFile section */
		C40F13DD1BCCBB3300493D4D /* KSApp.m in Sources */ = {isa = PBXBuildFile; fileRef = C40F13D81BCCBB3300493D4D /* KSApp.m */; };
		C40F13DE1BCCBB3300493D4D /* KSBootstrap.m in Sources */ = {isa = PBXBuildFile; fileRef = C40F13DA1BCCBB3300493D4D /* KSBootstrap.m */; };
		C40F13DF1BCCBB3300493D4D /* UIUtil+KS.m in Sources */ = {isa = PBXBuildFile; fileRef = C40F13DC1BCCBB3300493D4D /* UIUtil+KS.m */; };
		C43FCE001BCB681F00DAB539 /* main.m in Sources */ = {isa = PBXBuildFile; fileRef = C43FCDFF1BCB681F00DAB539 /* main.m */; };
		C43FCE031BCB681F00DAB539 /* AppDelegate.m in Sources */ = {isa = PBXBuildFile; fileRef = C43FCE021BCB681F00DAB539 /* AppDelegate.m */; };
		C43FCE061BCB681F00DAB539 /* ViewController.m in Sources */ = {isa = PBXBuildFile; fileRef = C43FCE051BCB681F00DAB539 /* ViewController.m */; };
		C43FCE091BCB681F00DAB539 /* Main.storyboard in Resources */ = {isa = PBXBuildFile; fileRef = C43FCE071BCB681F00DAB539 /* Main.storyboard */; };
		C43FCE0B1BCB681F00DAB539 /* Assets.xcassets in Resources */ = {isa = PBXBuildFile; fileRef = C43FCE0A1BCB681F00DAB539 /* Assets.xcassets */; };
		C43FCE0E1BCB681F00DAB539 /* LaunchScreen.storyboard in Resources */ = {isa = PBXBuildFile; fileRef = C43FCE0C1BCB681F00DAB539 /* LaunchScreen.storyboard */; };
		C43FCE191BCB681F00DAB539 /* KSKitTests.m in Sources */ = {isa = PBXBuildFile; fileRef = C43FCE181BCB681F00DAB539 /* KSKitTests.m */; };
		C43FCE241BCB681F00DAB539 /* KSKitUITests.m in Sources */ = {isa = PBXBuildFile; fileRef = C43FCE231BCB681F00DAB539 /* KSKitUITests.m */; };
		C4631BCF1BCCADE800B2ACF0 /* KSRoundAndBorderView.m in Sources */ = {isa = PBXBuildFile; fileRef = C4631BB21BCCADE800B2ACF0 /* KSRoundAndBorderView.m */; };
		C4631BD01BCCADE800B2ACF0 /* KSRoundedView.m in Sources */ = {isa = PBXBuildFile; fileRef = C4631BB41BCCADE800B2ACF0 /* KSRoundedView.m */; };
		C4631BD11BCCADE800B2ACF0 /* NSData+Base64.m in Sources */ = {isa = PBXBuildFile; fileRef = C4631BB61BCCADE800B2ACF0 /* NSData+Base64.m */; };
		C4631BD21BCCADE800B2ACF0 /* NSDate+Escort.m in Sources */ = {isa = PBXBuildFile; fileRef = C4631BB81BCCADE800B2ACF0 /* NSDate+Escort.m */; };
		C4631BD31BCCADE800B2ACF0 /* NSDateAdditions.m in Sources */ = {isa = PBXBuildFile; fileRef = C4631BBA1BCCADE800B2ACF0 /* NSDateAdditions.m */; };
		C4631BD41BCCADE800B2ACF0 /* NSObjectAdditons.m in Sources */ = {isa = PBXBuildFile; fileRef = C4631BBC1BCCADE800B2ACF0 /* NSObjectAdditons.m */; };
		C4631BD51BCCADE800B2ACF0 /* NSStringAdditions.m in Sources */ = {isa = PBXBuildFile; fileRef = C4631BBE1BCCADE800B2ACF0 /* NSStringAdditions.m */; };
		C4631BD61BCCADE800B2ACF0 /* Reachability.m in Sources */ = {isa = PBXBuildFile; fileRef = C4631BC01BCCADE800B2ACF0 /* Reachability.m */; };
		C4631BD71BCCADE800B2ACF0 /* UIButttonAddition.m in Sources */ = {isa = PBXBuildFile; fileRef = C4631BC21BCCADE800B2ACF0 /* UIButttonAddition.m */; };
		C4631BD81BCCADE800B2ACF0 /* UIColor+expanded.m in Sources */ = {isa = PBXBuildFile; fileRef = C4631BC41BCCADE800B2ACF0 /* UIColor+expanded.m */; };
		C4631BD91BCCADE800B2ACF0 /* UIColorAdditions.m in Sources */ = {isa = PBXBuildFile; fileRef = C4631BC61BCCADE800B2ACF0 /* UIColorAdditions.m */; };
		C4631BDA1BCCADE800B2ACF0 /* UIDeviceAdditions.m in Sources */ = {isa = PBXBuildFile; fileRef = C4631BC81BCCADE800B2ACF0 /* UIDeviceAdditions.m */; };
		C4631BDB1BCCADE800B2ACF0 /* UIImageAdditions.m in Sources */ = {isa = PBXBuildFile; fileRef = C4631BCA1BCCADE800B2ACF0 /* UIImageAdditions.m */; };
		C4631BDC1BCCADE800B2ACF0 /* UILabelAdditions.m in Sources */ = {isa = PBXBuildFile; fileRef = C4631BCC1BCCADE800B2ACF0 /* UILabelAdditions.m */; };
		C4631BDD1BCCADE800B2ACF0 /* UIViewAdditions.m in Sources */ = {isa = PBXBuildFile; fileRef = C4631BCE1BCCADE800B2ACF0 /* UIViewAdditions.m */; };
		C468CC4F1BD0AFC90092FFF0 /* UIControl+Block.m in Sources */ = {isa = PBXBuildFile; fileRef = C468CC4C1BD0AFC90092FFF0 /* UIControl+Block.m */; };
		C468CC501BD0AFC90092FFF0 /* UIControl+ActionBlocks.m in Sources */ = {isa = PBXBuildFile; fileRef = C468CC4E1BD0AFC90092FFF0 /* UIControl+ActionBlocks.m */; };
		C468CC5D1BD0B06E0092FFF0 /* UIButton+BackgroundColor.m in Sources */ = {isa = PBXBuildFile; fileRef = C468CC521BD0B06E0092FFF0 /* UIButton+BackgroundColor.m */; };
		C468CC5E1BD0B06E0092FFF0 /* UIButton+Block.m in Sources */ = {isa = PBXBuildFile; fileRef = C468CC541BD0B06E0092FFF0 /* UIButton+Block.m */; };
		C468CC5F1BD0B06E0092FFF0 /* UIButton+CountDown.m in Sources */ = {isa = PBXBuildFile; fileRef = C468CC561BD0B06E0092FFF0 /* UIButton+CountDown.m */; };
		C468CC601BD0B06E0092FFF0 /* UIButton+Indicator.m in Sources */ = {isa = PBXBuildFile; fileRef = C468CC581BD0B06E0092FFF0 /* UIButton+Indicator.m */; };
		C468CC611BD0B06E0092FFF0 /* UIButton+Submitting.m in Sources */ = {isa = PBXBuildFile; fileRef = C468CC5A1BD0B06E0092FFF0 /* UIButton+Submitting.m */; };
		C468CC621BD0B06E0092FFF0 /* UIButton+TouchAreaInsets.m in Sources */ = {isa = PBXBuildFile; fileRef = C468CC5C1BD0B06E0092FFF0 /* UIButton+TouchAreaInsets.m */; };
/* End PBXBuildFile section */

/* Begin PBXContainerItemProxy section */
		C43FCE151BCB681F00DAB539 /* PBXContainerItemProxy */ = {
			isa = PBXContainerItemProxy;
			containerPortal = C43FCDF31BCB681F00DAB539 /* Project object */;
			proxyType = 1;
			remoteGlobalIDString = C43FCDFA1BCB681F00DAB539;
			remoteInfo = KSKit;
		};
		C43FCE201BCB681F00DAB539 /* PBXContainerItemProxy */ = {
			isa = PBXContainerItemProxy;
			containerPortal = C43FCDF31BCB681F00DAB539 /* Project object */;
			proxyType = 1;
			remoteGlobalIDString = C43FCDFA1BCB681F00DAB539;
			remoteInfo = KSKit;
		};
/* End PBXContainerItemProxy section */

/* Begin PBXFileReference section */
		C40F13D71BCCBB3300493D4D /* KSApp.h */ = {isa = PBXFileReference; fileEncoding = 4; lastKnownFileType = sourcecode.c.h; path = KSApp.h; sourceTree = "<group>"; };
		C40F13D81BCCBB3300493D4D /* KSApp.m */ = {isa = PBXFileReference; fileEncoding = 4; lastKnownFileType = sourcecode.c.objc; path = KSApp.m; sourceTree = "<group>"; };
		C40F13D91BCCBB3300493D4D /* KSBootstrap.h */ = {isa = PBXFileReference; fileEncoding = 4; lastKnownFileType = sourcecode.c.h; path = KSBootstrap.h; sourceTree = "<group>"; };
		C40F13DA1BCCBB3300493D4D /* KSBootstrap.m */ = {isa = PBXFileReference; fileEncoding = 4; lastKnownFileType = sourcecode.c.objc; path = KSBootstrap.m; sourceTree = "<group>"; };
		C40F13DB1BCCBB3300493D4D /* UIUtil+KS.h */ = {isa = PBXFileReference; fileEncoding = 4; lastKnownFileType = sourcecode.c.h; path = "UIUtil+KS.h"; sourceTree = "<group>"; };
		C40F13DC1BCCBB3300493D4D /* UIUtil+KS.m */ = {isa = PBXFileReference; fileEncoding = 4; lastKnownFileType = sourcecode.c.objc; path = "UIUtil+KS.m"; sourceTree = "<group>"; };
		C43FCDFB1BCB681F00DAB539 /* KSKit.app */ = {isa = PBXFileReference; explicitFileType = wrapper.application; includeInIndex = 0; path = KSKit.app; sourceTree = BUILT_PRODUCTS_DIR; };
		C43FCDFF1BCB681F00DAB539 /* main.m */ = {isa = PBXFileReference; lastKnownFileType = sourcecode.c.objc; path = main.m; sourceTree = "<group>"; };
		C43FCE011BCB681F00DAB539 /* AppDelegate.h */ = {isa = PBXFileReference; lastKnownFileType = sourcecode.c.h; path = AppDelegate.h; sourceTree = "<group>"; };
		C43FCE021BCB681F00DAB539 /* AppDelegate.m */ = {isa = PBXFileReference; lastKnownFileType = sourcecode.c.objc; path = AppDelegate.m; sourceTree = "<group>"; };
		C43FCE041BCB681F00DAB539 /* ViewController.h */ = {isa = PBXFileReference; lastKnownFileType = sourcecode.c.h; path = ViewController.h; sourceTree = "<group>"; };
		C43FCE051BCB681F00DAB539 /* ViewController.m */ = {isa = PBXFileReference; lastKnownFileType = sourcecode.c.objc; path = ViewController.m; sourceTree = "<group>"; };
		C43FCE081BCB681F00DAB539 /* Base */ = {isa = PBXFileReference; lastKnownFileType = file.storyboard; name = Base; path = Base.lproj/Main.storyboard; sourceTree = "<group>"; };
		C43FCE0A1BCB681F00DAB539 /* Assets.xcassets */ = {isa = PBXFileReference; lastKnownFileType = folder.assetcatalog; path = Assets.xcassets; sourceTree = "<group>"; };
		C43FCE0D1BCB681F00DAB539 /* Base */ = {isa = PBXFileReference; lastKnownFileType = file.storyboard; name = Base; path = Base.lproj/LaunchScreen.storyboard; sourceTree = "<group>"; };
		C43FCE0F1BCB681F00DAB539 /* Info.plist */ = {isa = PBXFileReference; lastKnownFileType = text.plist.xml; path = Info.plist; sourceTree = "<group>"; };
		C43FCE141BCB681F00DAB539 /* KSKitTests.xctest */ = {isa = PBXFileReference; explicitFileType = wrapper.cfbundle; includeInIndex = 0; path = KSKitTests.xctest; sourceTree = BUILT_PRODUCTS_DIR; };
		C43FCE181BCB681F00DAB539 /* KSKitTests.m */ = {isa = PBXFileReference; lastKnownFileType = sourcecode.c.objc; path = KSKitTests.m; sourceTree = "<group>"; };
		C43FCE1A1BCB681F00DAB539 /* Info.plist */ = {isa = PBXFileReference; lastKnownFileType = text.plist.xml; path = Info.plist; sourceTree = "<group>"; };
		C43FCE1F1BCB681F00DAB539 /* KSKitUITests.xctest */ = {isa = PBXFileReference; explicitFileType = wrapper.cfbundle; includeInIndex = 0; path = KSKitUITests.xctest; sourceTree = BUILT_PRODUCTS_DIR; };
		C43FCE231BCB681F00DAB539 /* KSKitUITests.m */ = {isa = PBXFileReference; lastKnownFileType = sourcecode.c.objc; path = KSKitUITests.m; sourceTree = "<group>"; };
		C43FCE251BCB681F00DAB539 /* Info.plist */ = {isa = PBXFileReference; lastKnownFileType = text.plist.xml; path = Info.plist; sourceTree = "<group>"; };
		C4631BB11BCCADE800B2ACF0 /* KSRoundAndBorderView.h */ = {isa = PBXFileReference; fileEncoding = 4; lastKnownFileType = sourcecode.c.h; path = KSRoundAndBorderView.h; sourceTree = "<group>"; };
		C4631BB21BCCADE800B2ACF0 /* KSRoundAndBorderView.m */ = {isa = PBXFileReference; fileEncoding = 4; lastKnownFileType = sourcecode.c.objc; path = KSRoundAndBorderView.m; sourceTree = "<group>"; };
		C4631BB31BCCADE800B2ACF0 /* KSRoundedView.h */ = {isa = PBXFileReference; fileEncoding = 4; lastKnownFileType = sourcecode.c.h; path = KSRoundedView.h; sourceTree = "<group>"; };
		C4631BB41BCCADE800B2ACF0 /* KSRoundedView.m */ = {isa = PBXFileReference; fileEncoding = 4; lastKnownFileType = sourcecode.c.objc; path = KSRoundedView.m; sourceTree = "<group>"; };
		C4631BB51BCCADE800B2ACF0 /* NSData+Base64.h */ = {isa = PBXFileReference; fileEncoding = 4; lastKnownFileType = sourcecode.c.h; path = "NSData+Base64.h"; sourceTree = "<group>"; };
		C4631BB61BCCADE800B2ACF0 /* NSData+Base64.m */ = {isa = PBXFileReference; fileEncoding = 4; lastKnownFileType = sourcecode.c.objc; path = "NSData+Base64.m"; sourceTree = "<group>"; };
		C4631BB71BCCADE800B2ACF0 /* NSDate+Escort.h */ = {isa = PBXFileReference; fileEncoding = 4; lastKnownFileType = sourcecode.c.h; path = "NSDate+Escort.h"; sourceTree = "<group>"; };
		C4631BB81BCCADE800B2ACF0 /* NSDate+Escort.m */ = {isa = PBXFileReference; fileEncoding = 4; lastKnownFileType = sourcecode.c.objc; path = "NSDate+Escort.m"; sourceTree = "<group>"; };
		C4631BB91BCCADE800B2ACF0 /* NSDateAdditions.h */ = {isa = PBXFileReference; fileEncoding = 4; lastKnownFileType = sourcecode.c.h; path = NSDateAdditions.h; sourceTree = "<group>"; };
		C4631BBA1BCCADE800B2ACF0 /* NSDateAdditions.m */ = {isa = PBXFileReference; fileEncoding = 4; lastKnownFileType = sourcecode.c.objc; path = NSDateAdditions.m; sourceTree = "<group>"; };
		C4631BBB1BCCADE800B2ACF0 /* NSObjectAdditons.h */ = {isa = PBXFileReference; fileEncoding = 4; lastKnownFileType = sourcecode.c.h; path = NSObjectAdditons.h; sourceTree = "<group>"; };
		C4631BBC1BCCADE800B2ACF0 /* NSObjectAdditons.m */ = {isa = PBXFileReference; fileEncoding = 4; lastKnownFileType = sourcecode.c.objc; path = NSObjectAdditons.m; sourceTree = "<group>"; };
		C4631BBD1BCCADE800B2ACF0 /* NSStringAdditions.h */ = {isa = PBXFileReference; fileEncoding = 4; lastKnownFileType = sourcecode.c.h; path = NSStringAdditions.h; sourceTree = "<group>"; };
		C4631BBE1BCCADE800B2ACF0 /* NSStringAdditions.m */ = {isa = PBXFileReference; fileEncoding = 4; lastKnownFileType = sourcecode.c.objc; path = NSStringAdditions.m; sourceTree = "<group>"; };
		C4631BBF1BCCADE800B2ACF0 /* Reachability.h */ = {isa = PBXFileReference; fileEncoding = 4; lastKnownFileType = sourcecode.c.h; path = Reachability.h; sourceTree = "<group>"; };
		C4631BC01BCCADE800B2ACF0 /* Reachability.m */ = {isa = PBXFileReference; fileEncoding = 4; lastKnownFileType = sourcecode.c.objc; path = Reachability.m; sourceTree = "<group>"; };
		C4631BC11BCCADE800B2ACF0 /* UIButttonAddition.h */ = {isa = PBXFileReference; fileEncoding = 4; lastKnownFileType = sourcecode.c.h; path = UIButttonAddition.h; sourceTree = "<group>"; };
		C4631BC21BCCADE800B2ACF0 /* UIButttonAddition.m */ = {isa = PBXFileReference; fileEncoding = 4; lastKnownFileType = sourcecode.c.objc; path = UIButttonAddition.m; sourceTree = "<group>"; };
		C4631BC31BCCADE800B2ACF0 /* UIColor+expanded.h */ = {isa = PBXFileReference; fileEncoding = 4; lastKnownFileType = sourcecode.c.h; path = "UIColor+expanded.h"; sourceTree = "<group>"; };
		C4631BC41BCCADE800B2ACF0 /* UIColor+expanded.m */ = {isa = PBXFileReference; fileEncoding = 4; lastKnownFileType = sourcecode.c.objc; path = "UIColor+expanded.m"; sourceTree = "<group>"; };
		C4631BC51BCCADE800B2ACF0 /* UIColorAdditions.h */ = {isa = PBXFileReference; fileEncoding = 4; lastKnownFileType = sourcecode.c.h; path = UIColorAdditions.h; sourceTree = "<group>"; };
		C4631BC61BCCADE800B2ACF0 /* UIColorAdditions.m */ = {isa = PBXFileReference; fileEncoding = 4; lastKnownFileType = sourcecode.c.objc; path = UIColorAdditions.m; sourceTree = "<group>"; };
		C4631BC71BCCADE800B2ACF0 /* UIDeviceAdditions.h */ = {isa = PBXFileReference; fileEncoding = 4; lastKnownFileType = sourcecode.c.h; path = UIDeviceAdditions.h; sourceTree = "<group>"; };
		C4631BC81BCCADE800B2ACF0 /* UIDeviceAdditions.m */ = {isa = PBXFileReference; fileEncoding = 4; lastKnownFileType = sourcecode.c.objc; path = UIDeviceAdditions.m; sourceTree = "<group>"; };
		C4631BC91BCCADE800B2ACF0 /* UIImageAdditions.h */ = {isa = PBXFileReference; fileEncoding = 4; lastKnownFileType = sourcecode.c.h; path = UIImageAdditions.h; sourceTree = "<group>"; };
		C4631BCA1BCCADE800B2ACF0 /* UIImageAdditions.m */ = {isa = PBXFileReference; fileEncoding = 4; lastKnownFileType = sourcecode.c.objc; path = UIImageAdditions.m; sourceTree = "<group>"; };
		C4631BCB1BCCADE800B2ACF0 /* UILabelAdditions.h */ = {isa = PBXFileReference; fileEncoding = 4; lastKnownFileType = sourcecode.c.h; path = UILabelAdditions.h; sourceTree = "<group>"; };
		C4631BCC1BCCADE800B2ACF0 /* UILabelAdditions.m */ = {isa = PBXFileReference; fileEncoding = 4; lastKnownFileType = sourcecode.c.objc; path = UILabelAdditions.m; sourceTree = "<group>"; };
		C4631BCD1BCCADE800B2ACF0 /* UIViewAdditions.h */ = {isa = PBXFileReference; fileEncoding = 4; lastKnownFileType = sourcecode.c.h; path = UIViewAdditions.h; sourceTree = "<group>"; };
		C4631BCE1BCCADE800B2ACF0 /* UIViewAdditions.m */ = {isa = PBXFileReference; fileEncoding = 4; lastKnownFileType = sourcecode.c.objc; path = UIViewAdditions.m; sourceTree = "<group>"; };
		C468CC4B1BD0AFC90092FFF0 /* UIControl+Block.h */ = {isa = PBXFileReference; fileEncoding = 4; lastKnownFileType = sourcecode.c.h; path = "UIControl+Block.h"; sourceTree = "<group>"; };
		C468CC4C1BD0AFC90092FFF0 /* UIControl+Block.m */ = {isa = PBXFileReference; fileEncoding = 4; lastKnownFileType = sourcecode.c.objc; path = "UIControl+Block.m"; sourceTree = "<group>"; };
		C468CC4D1BD0AFC90092FFF0 /* UIControl+ActionBlocks.h */ = {isa = PBXFileReference; fileEncoding = 4; lastKnownFileType = sourcecode.c.h; path = "UIControl+ActionBlocks.h"; sourceTree = "<group>"; };
		C468CC4E1BD0AFC90092FFF0 /* UIControl+ActionBlocks.m */ = {isa = PBXFileReference; fileEncoding = 4; lastKnownFileType = sourcecode.c.objc; path = "UIControl+ActionBlocks.m"; sourceTree = "<group>"; };
		C468CC511BD0B06E0092FFF0 /* UIButton+BackgroundColor.h */ = {isa = PBXFileReference; fileEncoding = 4; lastKnownFileType = sourcecode.c.h; name = "UIButton+BackgroundColor.h"; path = "Lib/UIButton+BackgroundColor.h"; sourceTree = "<group>"; };
		C468CC521BD0B06E0092FFF0 /* UIButton+BackgroundColor.m */ = {isa = PBXFileReference; fileEncoding = 4; lastKnownFileType = sourcecode.c.objc; name = "UIButton+BackgroundColor.m"; path = "Lib/UIButton+BackgroundColor.m"; sourceTree = "<group>"; };
		C468CC531BD0B06E0092FFF0 /* UIButton+Block.h */ = {isa = PBXFileReference; fileEncoding = 4; lastKnownFileType = sourcecode.c.h; name = "UIButton+Block.h"; path = "Lib/UIButton+Block.h"; sourceTree = "<group>"; };
		C468CC541BD0B06E0092FFF0 /* UIButton+Block.m */ = {isa = PBXFileReference; fileEncoding = 4; lastKnownFileType = sourcecode.c.objc; name = "UIButton+Block.m"; path = "Lib/UIButton+Block.m"; sourceTree = "<group>"; };
		C468CC551BD0B06E0092FFF0 /* UIButton+CountDown.h */ = {isa = PBXFileReference; fileEncoding = 4; lastKnownFileType = sourcecode.c.h; name = "UIButton+CountDown.h"; path = "Lib/UIButton+CountDown.h"; sourceTree = "<group>"; };
		C468CC561BD0B06E0092FFF0 /* UIButton+CountDown.m */ = {isa = PBXFileReference; fileEncoding = 4; lastKnownFileType = sourcecode.c.objc; name = "UIButton+CountDown.m"; path = "Lib/UIButton+CountDown.m"; sourceTree = "<group>"; };
		C468CC571BD0B06E0092FFF0 /* UIButton+Indicator.h */ = {isa = PBXFileReference; fileEncoding = 4; lastKnownFileType = sourcecode.c.h; name = "UIButton+Indicator.h"; path = "Lib/UIButton+Indicator.h"; sourceTree = "<group>"; };
		C468CC581BD0B06E0092FFF0 /* UIButton+Indicator.m */ = {isa = PBXFileReference; fileEncoding = 4; lastKnownFileType = sourcecode.c.objc; name = "UIButton+Indicator.m"; path = "Lib/UIButton+Indicator.m"; sourceTree = "<group>"; };
		C468CC591BD0B06E0092FFF0 /* UIButton+Submitting.h */ = {isa = PBXFileReference; fileEncoding = 4; lastKnownFileType = sourcecode.c.h; name = "UIButton+Submitting.h"; path = "Lib/UIButton+Submitting.h"; sourceTree = "<group>"; };
		C468CC5A1BD0B06E0092FFF0 /* UIButton+Submitting.m */ = {isa = PBXFileReference; fileEncoding = 4; lastKnownFileType = sourcecode.c.objc; name = "UIButton+Submitting.m"; path = "Lib/UIButton+Submitting.m"; sourceTree = "<group>"; };
		C468CC5B1BD0B06E0092FFF0 /* UIButton+TouchAreaInsets.h */ = {isa = PBXFileReference; fileEncoding = 4; lastKnownFileType = sourcecode.c.h; name = "UIButton+TouchAreaInsets.h"; path = "Lib/UIButton+TouchAreaInsets.h"; sourceTree = "<group>"; };
		C468CC5C1BD0B06E0092FFF0 /* UIButton+TouchAreaInsets.m */ = {isa = PBXFileReference; fileEncoding = 4; lastKnownFileType = sourcecode.c.objc; name = "UIButton+TouchAreaInsets.m"; path = "Lib/UIButton+TouchAreaInsets.m"; sourceTree = "<group>"; };
		C4C9DC871BCBCB6500E002FA /* KSConfiguration.h */ = {isa = PBXFileReference; fileEncoding = 4; lastKnownFileType = sourcecode.c.h; path = KSConfiguration.h; sourceTree = "<group>"; };
		C4C9DC881BCBCB6500E002FA /* KSKit.h */ = {isa = PBXFileReference; fileEncoding = 4; lastKnownFileType = sourcecode.c.h; path = KSKit.h; sourceTree = "<group>"; };
/* End PBXFileReference section */

/* Begin PBXFrameworksBuildPhase section */
		C43FCDF81BCB681F00DAB539 /* Frameworks */ = {
			isa = PBXFrameworksBuildPhase;
			buildActionMask = 2147483647;
			files = (
			);
			runOnlyForDeploymentPostprocessing = 0;
		};
		C43FCE111BCB681F00DAB539 /* Frameworks */ = {
			isa = PBXFrameworksBuildPhase;
			buildActionMask = 2147483647;
			files = (
			);
			runOnlyForDeploymentPostprocessing = 0;
		};
		C43FCE1C1BCB681F00DAB539 /* Frameworks */ = {
			isa = PBXFrameworksBuildPhase;
			buildActionMask = 2147483647;
			files = (
			);
			runOnlyForDeploymentPostprocessing = 0;
		};
/* End PBXFrameworksBuildPhase section */

/* Begin PBXGroup section */
		C43FCDF21BCB681F00DAB539 = {
			isa = PBXGroup;
			children = (
				C43FCE311BCB684200DAB539 /* Lib */,
				C43FCDFD1BCB681F00DAB539 /* KSKit */,
				C43FCE171BCB681F00DAB539 /* KSKitTests */,
				C43FCE221BCB681F00DAB539 /* KSKitUITests */,
				C43FCDFC1BCB681F00DAB539 /* Products */,
			);
			sourceTree = "<group>";
		};
		C43FCDFC1BCB681F00DAB539 /* Products */ = {
			isa = PBXGroup;
			children = (
				C43FCDFB1BCB681F00DAB539 /* KSKit.app */,
				C43FCE141BCB681F00DAB539 /* KSKitTests.xctest */,
				C43FCE1F1BCB681F00DAB539 /* KSKitUITests.xctest */,
			);
			name = Products;
			sourceTree = "<group>";
		};
		C43FCDFD1BCB681F00DAB539 /* KSKit */ = {
			isa = PBXGroup;
			children = (
				C43FCE011BCB681F00DAB539 /* AppDelegate.h */,
				C43FCE021BCB681F00DAB539 /* AppDelegate.m */,
				C43FCE041BCB681F00DAB539 /* ViewController.h */,
				C43FCE051BCB681F00DAB539 /* ViewController.m */,
				C43FCE071BCB681F00DAB539 /* Main.storyboard */,
				C43FCE0A1BCB681F00DAB539 /* Assets.xcassets */,
				C43FCE0C1BCB681F00DAB539 /* LaunchScreen.storyboard */,
				C43FCE0F1BCB681F00DAB539 /* Info.plist */,
				C43FCDFE1BCB681F00DAB539 /* Supporting Files */,
			);
			path = KSKit;
			sourceTree = "<group>";
		};
		C43FCDFE1BCB681F00DAB539 /* Supporting Files */ = {
			isa = PBXGroup;
			children = (
				C43FCDFF1BCB681F00DAB539 /* main.m */,
			);
			name = "Supporting Files";
			sourceTree = "<group>";
		};
		C43FCE171BCB681F00DAB539 /* KSKitTests */ = {
			isa = PBXGroup;
			children = (
				C43FCE181BCB681F00DAB539 /* KSKitTests.m */,
				C43FCE1A1BCB681F00DAB539 /* Info.plist */,
			);
			path = KSKitTests;
			sourceTree = "<group>";
		};
		C43FCE221BCB681F00DAB539 /* KSKitUITests */ = {
			isa = PBXGroup;
			children = (
				C43FCE231BCB681F00DAB539 /* KSKitUITests.m */,
				C43FCE251BCB681F00DAB539 /* Info.plist */,
			);
			path = KSKitUITests;
			sourceTree = "<group>";
		};
		C43FCE311BCB684200DAB539 /* Lib */ = {
			isa = PBXGroup;
			children = (
				C468CC4A1BD0AFBC0092FFF0 /* UIControl */,
				C468CC371BD0AE880092FFF0 /* UIButton */,
				C4C9DC881BCBCB6500E002FA /* KSKit.h */,
				C4C9DC871BCBCB6500E002FA /* KSConfiguration.h */,
				C40F13D71BCCBB3300493D4D /* KSApp.h */,
				C40F13D81BCCBB3300493D4D /* KSApp.m */,
				C40F13D91BCCBB3300493D4D /* KSBootstrap.h */,
				C40F13DA1BCCBB3300493D4D /* KSBootstrap.m */,
				C40F13DB1BCCBB3300493D4D /* UIUtil+KS.h */,
				C40F13DC1BCCBB3300493D4D /* UIUtil+KS.m */,
				C4631BB11BCCADE800B2ACF0 /* KSRoundAndBorderView.h */,
				C4631BB21BCCADE800B2ACF0 /* KSRoundAndBorderView.m */,
				C4631BB31BCCADE800B2ACF0 /* KSRoundedView.h */,
				C4631BB41BCCADE800B2ACF0 /* KSRoundedView.m */,
				C4631BB51BCCADE800B2ACF0 /* NSData+Base64.h */,
				C4631BB61BCCADE800B2ACF0 /* NSData+Base64.m */,
				C4631BB71BCCADE800B2ACF0 /* NSDate+Escort.h */,
				C4631BB81BCCADE800B2ACF0 /* NSDate+Escort.m */,
				C4631BB91BCCADE800B2ACF0 /* NSDateAdditions.h */,
				C4631BBA1BCCADE800B2ACF0 /* NSDateAdditions.m */,
				C4631BBB1BCCADE800B2ACF0 /* NSObjectAdditons.h */,
				C4631BBC1BCCADE800B2ACF0 /* NSObjectAdditons.m */,
				C4631BBD1BCCADE800B2ACF0 /* NSStringAdditions.h */,
				C4631BBE1BCCADE800B2ACF0 /* NSStringAdditions.m */,
				C4631BBF1BCCADE800B2ACF0 /* Reachability.h */,
				C4631BC01BCCADE800B2ACF0 /* Reachability.m */,
				C4631BC11BCCADE800B2ACF0 /* UIButttonAddition.h */,
				C4631BC21BCCADE800B2ACF0 /* UIButttonAddition.m */,
				C4631BC31BCCADE800B2ACF0 /* UIColor+expanded.h */,
				C4631BC41BCCADE800B2ACF0 /* UIColor+expanded.m */,
				C4631BC51BCCADE800B2ACF0 /* UIColorAdditions.h */,
				C4631BC61BCCADE800B2ACF0 /* UIColorAdditions.m */,
				C4631BC71BCCADE800B2ACF0 /* UIDeviceAdditions.h */,
				C4631BC81BCCADE800B2ACF0 /* UIDeviceAdditions.m */,
				C4631BC91BCCADE800B2ACF0 /* UIImageAdditions.h */,
				C4631BCA1BCCADE800B2ACF0 /* UIImageAdditions.m */,
				C4631BCB1BCCADE800B2ACF0 /* UILabelAdditions.h */,
				C4631BCC1BCCADE800B2ACF0 /* UILabelAdditions.m */,
				C4631BCD1BCCADE800B2ACF0 /* UIViewAdditions.h */,
				C4631BCE1BCCADE800B2ACF0 /* UIViewAdditions.m */,
			);
			path = Lib;
			sourceTree = "<group>";
		};
		C468CC371BD0AE880092FFF0 /* UIButton */ = {
			isa = PBXGroup;
			children = (
				C468CC511BD0B06E0092FFF0 /* UIButton+BackgroundColor.h */,
				C468CC521BD0B06E0092FFF0 /* UIButton+BackgroundColor.m */,
				C468CC531BD0B06E0092FFF0 /* UIButton+Block.h */,
				C468CC541BD0B06E0092FFF0 /* UIButton+Block.m */,
				C468CC551BD0B06E0092FFF0 /* UIButton+CountDown.h */,
				C468CC561BD0B06E0092FFF0 /* UIButton+CountDown.m */,
				C468CC571BD0B06E0092FFF0 /* UIButton+Indicator.h */,
				C468CC581BD0B06E0092FFF0 /* UIButton+Indicator.m */,
				C468CC591BD0B06E0092FFF0 /* UIButton+Submitting.h */,
				C468CC5A1BD0B06E0092FFF0 /* UIButton+Submitting.m */,
				C468CC5B1BD0B06E0092FFF0 /* UIButton+TouchAreaInsets.h */,
				C468CC5C1BD0B06E0092FFF0 /* UIButton+TouchAreaInsets.m */,
			);
			name = UIButton;
			path = ..;
			sourceTree = "<group>";
		};
		C468CC4A1BD0AFBC0092FFF0 /* UIControl */ = {
			isa = PBXGroup;
			children = (
				C468CC4B1BD0AFC90092FFF0 /* UIControl+Block.h */,
				C468CC4C1BD0AFC90092FFF0 /* UIControl+Block.m */,
				C468CC4D1BD0AFC90092FFF0 /* UIControl+ActionBlocks.h */,
				C468CC4E1BD0AFC90092FFF0 /* UIControl+ActionBlocks.m */,
			);
			name = UIControl;
			sourceTree = "<group>";
		};
/* End PBXGroup section */

/* Begin PBXNativeTarget section */
		C43FCDFA1BCB681F00DAB539 /* KSKit */ = {
			isa = PBXNativeTarget;
			buildConfigurationList = C43FCE281BCB681F00DAB539 /* Build configuration list for PBXNativeTarget "KSKit" */;
			buildPhases = (
				C43FCDF71BCB681F00DAB539 /* Sources */,
				C43FCDF81BCB681F00DAB539 /* Frameworks */,
				C43FCDF91BCB681F00DAB539 /* Resources */,
			);
			buildRules = (
			);
			dependencies = (
			);
			name = KSKit;
			productName = KSKit;
			productReference = C43FCDFB1BCB681F00DAB539 /* KSKit.app */;
			productType = "com.apple.product-type.application";
		};
		C43FCE131BCB681F00DAB539 /* KSKitTests */ = {
			isa = PBXNativeTarget;
			buildConfigurationList = C43FCE2B1BCB681F00DAB539 /* Build configuration list for PBXNativeTarget "KSKitTests" */;
			buildPhases = (
				C43FCE101BCB681F00DAB539 /* Sources */,
				C43FCE111BCB681F00DAB539 /* Frameworks */,
				C43FCE121BCB681F00DAB539 /* Resources */,
			);
			buildRules = (
			);
			dependencies = (
				C43FCE161BCB681F00DAB539 /* PBXTargetDependency */,
			);
			name = KSKitTests;
			productName = KSKitTests;
			productReference = C43FCE141BCB681F00DAB539 /* KSKitTests.xctest */;
			productType = "com.apple.product-type.bundle.unit-test";
		};
		C43FCE1E1BCB681F00DAB539 /* KSKitUITests */ = {
			isa = PBXNativeTarget;
			buildConfigurationList = C43FCE2E1BCB681F00DAB539 /* Build configuration list for PBXNativeTarget "KSKitUITests" */;
			buildPhases = (
				C43FCE1B1BCB681F00DAB539 /* Sources */,
				C43FCE1C1BCB681F00DAB539 /* Frameworks */,
				C43FCE1D1BCB681F00DAB539 /* Resources */,
			);
			buildRules = (
			);
			dependencies = (
				C43FCE211BCB681F00DAB539 /* PBXTargetDependency */,
			);
			name = KSKitUITests;
			productName = KSKitUITests;
			productReference = C43FCE1F1BCB681F00DAB539 /* KSKitUITests.xctest */;
			productType = "com.apple.product-type.bundle.ui-testing";
		};
/* End PBXNativeTarget section */

/* Begin PBXProject section */
		C43FCDF31BCB681F00DAB539 /* Project object */ = {
			isa = PBXProject;
			attributes = {
				LastUpgradeCheck = 0700;
				ORGANIZATIONNAME = jerry;
				TargetAttributes = {
					C43FCDFA1BCB681F00DAB539 = {
						CreatedOnToolsVersion = 7.0;
					};
					C43FCE131BCB681F00DAB539 = {
						CreatedOnToolsVersion = 7.0;
						TestTargetID = C43FCDFA1BCB681F00DAB539;
					};
					C43FCE1E1BCB681F00DAB539 = {
						CreatedOnToolsVersion = 7.0;
						TestTargetID = C43FCDFA1BCB681F00DAB539;
					};
				};
			};
			buildConfigurationList = C43FCDF61BCB681F00DAB539 /* Build configuration list for PBXProject "KSKit" */;
			compatibilityVersion = "Xcode 3.2";
			developmentRegion = English;
			hasScannedForEncodings = 0;
			knownRegions = (
				English,
				en,
				Base,
			);
			mainGroup = C43FCDF21BCB681F00DAB539;
			productRefGroup = C43FCDFC1BCB681F00DAB539 /* Products */;
			projectDirPath = "";
			projectRoot = "";
			targets = (
				C43FCDFA1BCB681F00DAB539 /* KSKit */,
				C43FCE131BCB681F00DAB539 /* KSKitTests */,
				C43FCE1E1BCB681F00DAB539 /* KSKitUITests */,
			);
		};
/* End PBXProject section */

/* Begin PBXResourcesBuildPhase section */
		C43FCDF91BCB681F00DAB539 /* Resources */ = {
			isa = PBXResourcesBuildPhase;
			buildActionMask = 2147483647;
			files = (
				C43FCE0E1BCB681F00DAB539 /* LaunchScreen.storyboard in Resources */,
				C43FCE0B1BCB681F00DAB539 /* Assets.xcassets in Resources */,
				C43FCE091BCB681F00DAB539 /* Main.storyboard in Resources */,
			);
			runOnlyForDeploymentPostprocessing = 0;
		};
		C43FCE121BCB681F00DAB539 /* Resources */ = {
			isa = PBXResourcesBuildPhase;
			buildActionMask = 2147483647;
			files = (
			);
			runOnlyForDeploymentPostprocessing = 0;
		};
		C43FCE1D1BCB681F00DAB539 /* Resources */ = {
			isa = PBXResourcesBuildPhase;
			buildActionMask = 2147483647;
			files = (
			);
			runOnlyForDeploymentPostprocessing = 0;
		};
/* End PBXResourcesBuildPhase section */

/* Begin PBXSourcesBuildPhase section */
		C43FCDF71BCB681F00DAB539 /* Sources */ = {
			isa = PBXSourcesBuildPhase;
			buildActionMask = 2147483647;
			files = (
				C4631BD21BCCADE800B2ACF0 /* NSDate+Escort.m in Sources */,
				C468CC5D1BD0B06E0092FFF0 /* UIButton+BackgroundColor.m in Sources */,
				C468CC621BD0B06E0092FFF0 /* UIButton+TouchAreaInsets.m in Sources */,
				C468CC601BD0B06E0092FFF0 /* UIButton+Indicator.m in Sources */,
				C43FCE061BCB681F00DAB539 /* ViewController.m in Sources */,
				C4631BDD1BCCADE800B2ACF0 /* UIViewAdditions.m in Sources */,
				C40F13DD1BCCBB3300493D4D /* KSApp.m in Sources */,
				C468CC5F1BD0B06E0092FFF0 /* UIButton+CountDown.m in Sources */,
				C40F13DE1BCCBB3300493D4D /* KSBootstrap.m in Sources */,
				C4631BD31BCCADE800B2ACF0 /* NSDateAdditions.m in Sources */,
				C4631BD91BCCADE800B2ACF0 /* UIColorAdditions.m in Sources */,
				C4631BD61BCCADE800B2ACF0 /* Reachability.m in Sources */,
				C468CC611BD0B06E0092FFF0 /* UIButton+Submitting.m in Sources */,
				C4631BD01BCCADE800B2ACF0 /* KSRoundedView.m in Sources */,
				C468CC501BD0AFC90092FFF0 /* UIControl+ActionBlocks.m in Sources */,
				C468CC5E1BD0B06E0092FFF0 /* UIButton+Block.m in Sources */,
				C468CC4F1BD0AFC90092FFF0 /* UIControl+Block.m in Sources */,
				C43FCE031BCB681F00DAB539 /* AppDelegate.m in Sources */,
				C4631BD81BCCADE800B2ACF0 /* UIColor+expanded.m in Sources */,
				C4631BDA1BCCADE800B2ACF0 /* UIDeviceAdditions.m in Sources */,
				C43FCE001BCB681F00DAB539 /* main.m in Sources */,
				C4631BDC1BCCADE800B2ACF0 /* UILabelAdditions.m in Sources */,
				C4631BD41BCCADE800B2ACF0 /* NSObjectAdditons.m in Sources */,
				C4631BD71BCCADE800B2ACF0 /* UIButttonAddition.m in Sources */,
				C4631BCF1BCCADE800B2ACF0 /* KSRoundAndBorderView.m in Sources */,
				C40F13DF1BCCBB3300493D4D /* UIUtil+KS.m in Sources */,
				C4631BDB1BCCADE800B2ACF0 /* UIImageAdditions.m in Sources */,
				C4631BD11BCCADE800B2ACF0 /* NSData+Base64.m in Sources */,
				C4631BD51BCCADE800B2ACF0 /* NSStringAdditions.m in Sources */,
			);
			runOnlyForDeploymentPostprocessing = 0;
		};
		C43FCE101BCB681F00DAB539 /* Sources */ = {
			isa = PBXSourcesBuildPhase;
			buildActionMask = 2147483647;
			files = (
				C43FCE191BCB681F00DAB539 /* KSKitTests.m in Sources */,
			);
			runOnlyForDeploymentPostprocessing = 0;
		};
		C43FCE1B1BCB681F00DAB539 /* Sources */ = {
			isa = PBXSourcesBuildPhase;
			buildActionMask = 2147483647;
			files = (
				C43FCE241BCB681F00DAB539 /* KSKitUITests.m in Sources */,
			);
			runOnlyForDeploymentPostprocessing = 0;
		};
/* End PBXSourcesBuildPhase section */

/* Begin PBXTargetDependency section */
		C43FCE161BCB681F00DAB539 /* PBXTargetDependency */ = {
			isa = PBXTargetDependency;
			target = C43FCDFA1BCB681F00DAB539 /* KSKit */;
			targetProxy = C43FCE151BCB681F00DAB539 /* PBXContainerItemProxy */;
		};
		C43FCE211BCB681F00DAB539 /* PBXTargetDependency */ = {
			isa = PBXTargetDependency;
			target = C43FCDFA1BCB681F00DAB539 /* KSKit */;
			targetProxy = C43FCE201BCB681F00DAB539 /* PBXContainerItemProxy */;
		};
/* End PBXTargetDependency section */

/* Begin PBXVariantGroup section */
		C43FCE071BCB681F00DAB539 /* Main.storyboard */ = {
			isa = PBXVariantGroup;
			children = (
				C43FCE081BCB681F00DAB539 /* Base */,
			);
			name = Main.storyboard;
			sourceTree = "<group>";
		};
		C43FCE0C1BCB681F00DAB539 /* LaunchScreen.storyboard */ = {
			isa = PBXVariantGroup;
			children = (
				C43FCE0D1BCB681F00DAB539 /* Base */,
			);
			name = LaunchScreen.storyboard;
			sourceTree = "<group>";
		};
/* End PBXVariantGroup section */

/* Begin XCBuildConfiguration section */
		C43FCE261BCB681F00DAB539 /* Debug */ = {
			isa = XCBuildConfiguration;
			buildSettings = {
				ALWAYS_SEARCH_USER_PATHS = NO;
				CLANG_CXX_LANGUAGE_STANDARD = "gnu++0x";
				CLANG_CXX_LIBRARY = "libc++";
				CLANG_ENABLE_MODULES = YES;
				CLANG_ENABLE_OBJC_ARC = YES;
				CLANG_WARN_BOOL_CONVERSION = YES;
				CLANG_WARN_CONSTANT_CONVERSION = YES;
				CLANG_WARN_DIRECT_OBJC_ISA_USAGE = YES_ERROR;
				CLANG_WARN_EMPTY_BODY = YES;
				CLANG_WARN_ENUM_CONVERSION = YES;
				CLANG_WARN_INT_CONVERSION = YES;
				CLANG_WARN_OBJC_ROOT_CLASS = YES_ERROR;
				CLANG_WARN_UNREACHABLE_CODE = YES;
				CLANG_WARN__DUPLICATE_METHOD_MATCH = YES;
				"CODE_SIGN_IDENTITY[sdk=iphoneos*]" = "iPhone Developer";
				COPY_PHASE_STRIP = NO;
				DEBUG_INFORMATION_FORMAT = dwarf;
				ENABLE_STRICT_OBJC_MSGSEND = YES;
				ENABLE_TESTABILITY = YES;
				GCC_C_LANGUAGE_STANDARD = gnu99;
				GCC_DYNAMIC_NO_PIC = NO;
				GCC_NO_COMMON_BLOCKS = YES;
				GCC_OPTIMIZATION_LEVEL = 0;
				GCC_PREPROCESSOR_DEFINITIONS = (
					"DEBUG=1",
					"$(inherited)",
				);
				GCC_WARN_64_TO_32_BIT_CONVERSION = YES;
				GCC_WARN_ABOUT_RETURN_TYPE = YES_ERROR;
				GCC_WARN_UNDECLARED_SELECTOR = YES;
				GCC_WARN_UNINITIALIZED_AUTOS = YES_AGGRESSIVE;
				GCC_WARN_UNUSED_FUNCTION = YES;
				GCC_WARN_UNUSED_VARIABLE = YES;
				IPHONEOS_DEPLOYMENT_TARGET = 9.0;
				MTL_ENABLE_DEBUG_INFO = YES;
				ONLY_ACTIVE_ARCH = YES;
				SDKROOT = iphoneos;
				TARGETED_DEVICE_FAMILY = "1,2";
			};
			name = Debug;
		};
		C43FCE271BCB681F00DAB539 /* Release */ = {
			isa = XCBuildConfiguration;
			buildSettings = {
				ALWAYS_SEARCH_USER_PATHS = NO;
				CLANG_CXX_LANGUAGE_STANDARD = "gnu++0x";
				CLANG_CXX_LIBRARY = "libc++";
				CLANG_ENABLE_MODULES = YES;
				CLANG_ENABLE_OBJC_ARC = YES;
				CLANG_WARN_BOOL_CONVERSION = YES;
				CLANG_WARN_CONSTANT_CONVERSION = YES;
				CLANG_WARN_DIRECT_OBJC_ISA_USAGE = YES_ERROR;
				CLANG_WARN_EMPTY_BODY = YES;
				CLANG_WARN_ENUM_CONVERSION = YES;
				CLANG_WARN_INT_CONVERSION = YES;
				CLANG_WARN_OBJC_ROOT_CLASS = YES_ERROR;
				CLANG_WARN_UNREACHABLE_CODE = YES;
				CLANG_WARN__DUPLICATE_METHOD_MATCH = YES;
				"CODE_SIGN_IDENTITY[sdk=iphoneos*]" = "iPhone Developer";
				COPY_PHASE_STRIP = NO;
				DEBUG_INFORMATION_FORMAT = "dwarf-with-dsym";
				ENABLE_NS_ASSERTIONS = NO;
				ENABLE_STRICT_OBJC_MSGSEND = YES;
				GCC_C_LANGUAGE_STANDARD = gnu99;
				GCC_NO_COMMON_BLOCKS = YES;
				GCC_WARN_64_TO_32_BIT_CONVERSION = YES;
				GCC_WARN_ABOUT_RETURN_TYPE = YES_ERROR;
				GCC_WARN_UNDECLARED_SELECTOR = YES;
				GCC_WARN_UNINITIALIZED_AUTOS = YES_AGGRESSIVE;
				GCC_WARN_UNUSED_FUNCTION = YES;
				GCC_WARN_UNUSED_VARIABLE = YES;
				IPHONEOS_DEPLOYMENT_TARGET = 9.0;
				MTL_ENABLE_DEBUG_INFO = NO;
				SDKROOT = iphoneos;
				TARGETED_DEVICE_FAMILY = "1,2";
				VALIDATE_PRODUCT = YES;
			};
			name = Release;
		};
		C43FCE291BCB681F00DAB539 /* Debug */ = {
			isa = XCBuildConfiguration;
			buildSettings = {
				ASSETCATALOG_COMPILER_APPICON_NAME = AppIcon;
				CODE_SIGN_IDENTITY = "iPhone Developer: Guangliang Gao (YPWTZ89X34)";
				"CODE_SIGN_IDENTITY[sdk=iphoneos*]" = "iPhone Developer: Guangliang Gao (YPWTZ89X34)";
				INFOPLIST_FILE = KSKit/Info.plist;
				IPHONEOS_DEPLOYMENT_TARGET = 8.0;
				LD_RUNPATH_SEARCH_PATHS = "$(inherited) @executable_path/Frameworks";
				PRODUCT_BUNDLE_IDENTIFIER = com.timy.app;
				PRODUCT_NAME = "$(TARGET_NAME)";
				PROVISIONING_PROFILE = "058c1c02-dec4-49a3-bff6-caa356498575";
			};
			name = Debug;
		};
		C43FCE2A1BCB681F00DAB539 /* Release */ = {
			isa = XCBuildConfiguration;
			buildSettings = {
				ASSETCATALOG_COMPILER_APPICON_NAME = AppIcon;
				CODE_SIGN_IDENTITY = "iPhone Distribution: Guangliang Gao (Z6DY77Z3KM)";
				"CODE_SIGN_IDENTITY[sdk=iphoneos*]" = "iPhone Distribution: Guangliang Gao (Z6DY77Z3KM)";
				INFOPLIST_FILE = KSKit/Info.plist;
				IPHONEOS_DEPLOYMENT_TARGET = 8.0;
				LD_RUNPATH_SEARCH_PATHS = "$(inherited) @executable_path/Frameworks";
				PRODUCT_BUNDLE_IDENTIFIER = com.timy.app;
				PRODUCT_NAME = "$(TARGET_NAME)";
				PROVISIONING_PROFILE = "9bb6b3ac-bfe7-40a7-b13a-4930d0693064";
			};
			name = Release;
		};
		C43FCE2C1BCB681F00DAB539 /* Debug */ = {
			isa = XCBuildConfiguration;
			buildSettings = {
				BUNDLE_LOADER = "$(TEST_HOST)";
				INFOPLIST_FILE = KSKitTests/Info.plist;
				LD_RUNPATH_SEARCH_PATHS = "$(inherited) @executable_path/Frameworks @loader_path/Frameworks";
				PRODUCT_BUNDLE_IDENTIFIER = com.tff.app.KSKitTests;
				PRODUCT_NAME = "$(TARGET_NAME)";
				TEST_HOST = "$(BUILT_PRODUCTS_DIR)/KSKit.app/KSKit";
			};
			name = Debug;
		};
		C43FCE2D1BCB681F00DAB539 /* Release */ = {
			isa = XCBuildConfiguration;
			buildSettings = {
				BUNDLE_LOADER = "$(TEST_HOST)";
				INFOPLIST_FILE = KSKitTests/Info.plist;
				LD_RUNPATH_SEARCH_PATHS = "$(inherited) @executable_path/Frameworks @loader_path/Frameworks";
				PRODUCT_BUNDLE_IDENTIFIER = com.tff.app.KSKitTests;
				PRODUCT_NAME = "$(TARGET_NAME)";
				TEST_HOST = "$(BUILT_PRODUCTS_DIR)/KSKit.app/KSKit";
			};
			name = Release;
		};
		C43FCE2F1BCB681F00DAB539 /* Debug */ = {
			isa = XCBuildConfiguration;
			buildSettings = {
				INFOPLIST_FILE = KSKitUITests/Info.plist;
				LD_RUNPATH_SEARCH_PATHS = "$(inherited) @executable_path/Frameworks @loader_path/Frameworks";
				PRODUCT_BUNDLE_IDENTIFIER = com.tff.app.KSKitUITests;
				PRODUCT_NAME = "$(TARGET_NAME)";
				TEST_TARGET_NAME = KSKit;
				USES_XCTRUNNER = YES;
			};
			name = Debug;
		};
		C43FCE301BCB681F00DAB539 /* Release */ = {
			isa = XCBuildConfiguration;
			buildSettings = {
				INFOPLIST_FILE = KSKitUITests/Info.plist;
				LD_RUNPATH_SEARCH_PATHS = "$(inherited) @executable_path/Frameworks @loader_path/Frameworks";
				PRODUCT_BUNDLE_IDENTIFIER = com.tff.app.KSKitUITests;
				PRODUCT_NAME = "$(TARGET_NAME)";
				TEST_TARGET_NAME = KSKit;
				USES_XCTRUNNER = YES;
			};
			name = Release;
		};
/* End XCBuildConfiguration section */

/* Begin XCConfigurationList section */
		C43FCDF61BCB681F00DAB539 /* Build configuration list for PBXProject "KSKit" */ = {
			isa = XCConfigurationList;
			buildConfigurations = (
				C43FCE261BCB681F00DAB539 /* Debug */,
				C43FCE271BCB681F00DAB539 /* Release */,
			);
			defaultConfigurationIsVisible = 0;
			defaultConfigurationName = Release;
		};
		C43FCE281BCB681F00DAB539 /* Build configuration list for PBXNativeTarget "KSKit" */ = {
			isa = XCConfigurationList;
			buildConfigurations = (
				C43FCE291BCB681F00DAB539 /* Debug */,
				C43FCE2A1BCB681F00DAB539 /* Release */,
			);
			defaultConfigurationIsVisible = 0;
			defaultConfigurationName = Release;
		};
		C43FCE2B1BCB681F00DAB539 /* Build configuration list for PBXNativeTarget "KSKitTests" */ = {
			isa = XCConfigurationList;
			buildConfigurations = (
				C43FCE2C1BCB681F00DAB539 /* Debug */,
				C43FCE2D1BCB681F00DAB539 /* Release */,
			);
			defaultConfigurationIsVisible = 0;
			defaultConfigurationName = Release;
		};
		C43FCE2E1BCB681F00DAB539 /* Build configuration list for PBXNativeTarget "KSKitUITests" */ = {
			isa = XCConfigurationList;
			buildConfigurations = (
				C43FCE2F1BCB681F00DAB539 /* Debug */,
				C43FCE301BCB681F00DAB539 /* Release */,
			);
			defaultConfigurationIsVisible = 0;
			defaultConfigurationName = Release;
		};
/* End XCConfigurationList section */
	};
	rootObject = C43FCDF31BCB681F00DAB539 /* Project object */;
}
